
Microsoft Visual Studio Solution File, Format Version 12.00
# Visual Studio Version 17
VisualStudioVersion = 17.0.31903.59
MinimumVisualStudioVersion = 10.0.40219.1
Project("{FAE04EC0-301F-11D3-BF4B-00C04F79EFBC}") = "MediaService.Api", "MediaService.Api\MediaService.Api.csproj", "{A469ED7F-9A68-47EC-8F9D-43C92C545EA6}"
EndProject
Project("{FAE04EC0-301F-11D3-BF4B-00C04F79EFBC}") = "Yarp.Gateway", "Yarp.Gateway\Yarp.Gateway.csproj", "{AD9F6E5E-6613-4AD0-93FD-5306DD978F71}"
EndProject
Global
	GlobalSection(SolutionConfigurationPlatforms) = preSolution
		Debug|Any CPU = Debug|Any CPU
		Release|Any CPU = Release|Any CPU
	EndGlobalSection
	GlobalSection(SolutionProperties) = preSolution
		HideSolutionNode = FALSE
	EndGlobalSection
	GlobalSection(ProjectConfigurationPlatforms) = postSolution
		{A469ED7F-9A68-47EC-8F9D-43C92C545EA6}.Debug|Any CPU.ActiveCfg = Debug|Any CPU
		{A469ED7F-9A68-47EC-8F9D-43C92C545EA6}.Debug|Any CPU.Build.0 = Debug|Any CPU
		{A469ED7F-9A68-47EC-8F9D-43C92C545EA6}.Release|Any CPU.ActiveCfg = Release|Any CPU
		{A469ED7F-9A68-47EC-8F9D-43C92C545EA6}.Release|Any CPU.Build.0 = Release|Any CPU
		{AD9F6E5E-6613-4AD0-93FD-5306DD978F71}.Debug|Any CPU.ActiveCfg = Debug|Any CPU
		{AD9F6E5E-6613-4AD0-93FD-5306DD978F71}.Debug|Any CPU.Build.0 = Debug|Any CPU
		{AD9F6E5E-6613-4AD0-93FD-5306DD978F71}.Release|Any CPU.ActiveCfg = Release|Any CPU
		{AD9F6E5E-6613-4AD0-93FD-5306DD978F71}.Release|Any CPU.Build.0 = Release|Any CPU
	EndGlobalSection
EndGlobal
